{
  "name": "uctm",
  "version": "1.5.2",
  "lockfileVersion": 3,
  "requires": true,
  "packages": {
    "": {
      "name": "uctm",
      "version": "1.5.2",
      "license": "GPL-3.0",
      "dependencies": {
        "uctm": "^1.5.0"
      },
      "bin": {
        "uctm": "bin/cli.mjs"
      },
      "engines": {
        "node": ">=18"
      }
    },
    "node_modules/uctm": {
      "version": "1.5.0",
      "resolved": "https://registry.npmjs.org/uctm/-/uctm-1.5.0.tgz",
      "integrity": "sha512-KIxJnKWQT5/dRHNgNonaS9+cwMktCg4Auu9ks3lPTdYNJpJC9GWk6+jjsvBqH1iysj1tyCq/fLbMyKV93aFszg==",
      "license": "GPL-3.0",
      "bin": {
        "uctm": "bin/cli.mjs"
      },
      "engines": {
        "node": ">=18"
      }
    }
  }
}
