{
  "name": "uctm",
  "version": "1.6.0",
  "lockfileVersion": 3,
  "requires": true,
  "packages": {
    "": {
      "name": "uctm",
      "version": "1.6.0",
      "license": "GPL-3.0",
      "bin": {
        "uctm": "bin/cli.mjs"
      },
      "engines": {
        "node": ">=18"
      }
    }
  }
}
